
Microsoft Visual Studio Solution File, Format Version 10.00
# Visual Studio 2008
Project("{FAE04EC0-301F-11D3-BF4B-00C04F79EFBC}") = "ALPR", "ALPR.csproj", "{0D8D639A-4BA2-4FCB-9B96-1CBE7568A6E1}"
EndProject
Global
	GlobalSection(SolutionConfigurationPlatforms) = preSolution
		Debug|Any CPU = Debug|Any CPU
		Release|Any CPU = Release|Any CPU
	EndGlobalSection
	GlobalSection(ProjectConfigurationPlatforms) = postSolution
		{0D8D639A-4BA2-4FCB-9B96-1CBE7568A6E1}.Debug|Any CPU.ActiveCfg = Debug|Any CPU
		{0D8D639A-4BA2-4FCB-9B96-1CBE7568A6E1}.Debug|Any CPU.Build.0 = Debug|Any CPU
		{0D8D639A-4BA2-4FCB-9B96-1CBE7568A6E1}.Release|Any CPU.ActiveCfg = Release|Any CPU
		{0D8D639A-4BA2-4FCB-9B96-1CBE7568A6E1}.Release|Any CPU.Build.0 = Release|Any CPU
	EndGlobalSection
	GlobalSection(SolutionProperties) = preSolution
		HideSolutionNode = FALSE
	EndGlobalSection
EndGlobal
